
Microsoft Visual Studio Solution File, Format Version 12.00
# Visual Studio Version 17
VisualStudioVersion = 17.11.35312.102
MinimumVisualStudioVersion = 10.0.40219.1
Project("{FAE04EC0-301F-11D3-BF4B-00C04F79EFBC}") = "Activitats2", "Activitats2\Activitats2.csproj", "{4575EC93-9515-45DD-862C-98BF1F4FA5F5}"
EndProject
Global
	GlobalSection(SolutionConfigurationPlatforms) = preSolution
		Debug|Any CPU = Debug|Any CPU
		Release|Any CPU = Release|Any CPU
	EndGlobalSection
	GlobalSection(ProjectConfigurationPlatforms) = postSolution
		{4575EC93-9515-45DD-862C-98BF1F4FA5F5}.Debug|Any CPU.ActiveCfg = Debug|Any CPU
		{4575EC93-9515-45DD-862C-98BF1F4FA5F5}.Debug|Any CPU.Build.0 = Debug|Any CPU
		{4575EC93-9515-45DD-862C-98BF1F4FA5F5}.Release|Any CPU.ActiveCfg = Release|Any CPU
		{4575EC93-9515-45DD-862C-98BF1F4FA5F5}.Release|Any CPU.Build.0 = Release|Any CPU
	EndGlobalSection
	GlobalSection(SolutionProperties) = preSolution
		HideSolutionNode = FALSE
	EndGlobalSection
	GlobalSection(ExtensibilityGlobals) = postSolution
		SolutionGuid = {52E49B14-81D7-4330-86A7-E06D270BC2A5}
	EndGlobalSection
EndGlobal
